
Microsoft Visual Studio Solution File, Format Version 12.00
# Visual Studio Version 17
VisualStudioVersion = 17.12.35707.178 d17.12
MinimumVisualStudioVersion = 10.0.40219.1
Project("{FAE04EC0-301F-11D3-BF4B-00C04F79EFBC}") = "galeriaprototipo", "galeriaprototipo\galeriaprototipo.csproj", "{95033EB0-227F-47F0-94FF-6E6177983C95}"
EndProject
Project("{2150E333-8FDC-42A3-9474-1A3956D46DE8}") = "Fotos", "Fotos", "{D5B9E76C-C84F-4449-A986-8ED4E7AE1EA0}"
EndProject
Global
	GlobalSection(SolutionConfigurationPlatforms) = preSolution
		Debug|Any CPU = Debug|Any CPU
		Release|Any CPU = Release|Any CPU
	EndGlobalSection
	GlobalSection(ProjectConfigurationPlatforms) = postSolution
		{95033EB0-227F-47F0-94FF-6E6177983C95}.Debug|Any CPU.ActiveCfg = Debug|Any CPU
		{95033EB0-227F-47F0-94FF-6E6177983C95}.Debug|Any CPU.Build.0 = Debug|Any CPU
		{95033EB0-227F-47F0-94FF-6E6177983C95}.Release|Any CPU.ActiveCfg = Release|Any CPU
		{95033EB0-227F-47F0-94FF-6E6177983C95}.Release|Any CPU.Build.0 = Release|Any CPU
	EndGlobalSection
	GlobalSection(SolutionProperties) = preSolution
		HideSolutionNode = FALSE
	EndGlobalSection
EndGlobal
